
Microsoft Visual Studio Solution File, Format Version 12.00
# Visual Studio Version 17
VisualStudioVersion = 17.12.35527.113
MinimumVisualStudioVersion = 10.0.40219.1
Project("{2150E333-8FDC-42A3-9474-1A3956D46DE8}") = "Task0", "Task0", "{D001A246-3EEC-4C90-9FCC-AA7F66738E7C}"
EndProject
Project("{FAE04EC0-301F-11D3-BF4B-00C04F79EFBC}") = "Tyuiu.FilimonchukED.Sprint2.Task0.V11", "Tyuiu.FilimonchukED.Sprint2.Task0.V11\Tyuiu.FilimonchukED.Sprint2.Task0.V11.csproj", "{DE9BA517-F816-4201-BBF1-37CB98F3C61A}"
EndProject
Project("{FAE04EC0-301F-11D3-BF4B-00C04F79EFBC}") = "Tyuiu.FilimonchukED.Sprint2.Task0.V11.Test", "Tyuiu.FilimonchukED.Sprint2.Task0.V11.Test\Tyuiu.FilimonchukED.Sprint2.Task0.V11.Test.csproj", "{119CA65C-7B05-4B90-B6B4-526CB6B9AE48}"
EndProject
Project("{FAE04EC0-301F-11D3-BF4B-00C04F79EFBC}") = "Tyuiu.FilimonchukED.Sprint2.Task0.V11.Lib", "Tyuiu.FilimonchukED.Sprint2.Task0.V11.Lib\Tyuiu.FilimonchukED.Sprint2.Task0.V11.Lib.csproj", "{E629ED50-381F-4BAF-9A0F-6940E4EF89F8}"
EndProject
Global
	GlobalSection(SolutionConfigurationPlatforms) = preSolution
		Debug|Any CPU = Debug|Any CPU
		Release|Any CPU = Release|Any CPU
	EndGlobalSection
	GlobalSection(ProjectConfigurationPlatforms) = postSolution
		{DE9BA517-F816-4201-BBF1-37CB98F3C61A}.Debug|Any CPU.ActiveCfg = Debug|Any CPU
		{DE9BA517-F816-4201-BBF1-37CB98F3C61A}.Debug|Any CPU.Build.0 = Debug|Any CPU
		{DE9BA517-F816-4201-BBF1-37CB98F3C61A}.Release|Any CPU.ActiveCfg = Release|Any CPU
		{DE9BA517-F816-4201-BBF1-37CB98F3C61A}.Release|Any CPU.Build.0 = Release|Any CPU
		{119CA65C-7B05-4B90-B6B4-526CB6B9AE48}.Debug|Any CPU.ActiveCfg = Debug|Any CPU
		{119CA65C-7B05-4B90-B6B4-526CB6B9AE48}.Debug|Any CPU.Build.0 = Debug|Any CPU
		{119CA65C-7B05-4B90-B6B4-526CB6B9AE48}.Release|Any CPU.ActiveCfg = Release|Any CPU
		{119CA65C-7B05-4B90-B6B4-526CB6B9AE48}.Release|Any CPU.Build.0 = Release|Any CPU
		{E629ED50-381F-4BAF-9A0F-6940E4EF89F8}.Debug|Any CPU.ActiveCfg = Debug|Any CPU
		{E629ED50-381F-4BAF-9A0F-6940E4EF89F8}.Debug|Any CPU.Build.0 = Debug|Any CPU
		{E629ED50-381F-4BAF-9A0F-6940E4EF89F8}.Release|Any CPU.ActiveCfg = Release|Any CPU
		{E629ED50-381F-4BAF-9A0F-6940E4EF89F8}.Release|Any CPU.Build.0 = Release|Any CPU
	EndGlobalSection
	GlobalSection(SolutionProperties) = preSolution
		HideSolutionNode = FALSE
	EndGlobalSection
	GlobalSection(NestedProjects) = preSolution
		{DE9BA517-F816-4201-BBF1-37CB98F3C61A} = {D001A246-3EEC-4C90-9FCC-AA7F66738E7C}
		{119CA65C-7B05-4B90-B6B4-526CB6B9AE48} = {D001A246-3EEC-4C90-9FCC-AA7F66738E7C}
		{E629ED50-381F-4BAF-9A0F-6940E4EF89F8} = {D001A246-3EEC-4C90-9FCC-AA7F66738E7C}
	EndGlobalSection
EndGlobal
