
Microsoft Visual Studio Solution File, Format Version 12.00
# Visual Studio Version 17
VisualStudioVersion = 17.12.35527.113
MinimumVisualStudioVersion = 10.0.40219.1
Project("{2150E333-8FDC-42A3-9474-1A3956D46DE8}") = "Task0", "Task0", "{D001A246-3EEC-4C90-9FCC-AA7F66738E7C}"
EndProject
Project("{FAE04EC0-301F-11D3-BF4B-00C04F79EFBC}") = "Tyuiu.FilimonchukED.Sprint2.Task0.V11", "Tyuiu.FilimonchukED.Sprint2.Task0.V11\Tyuiu.FilimonchukED.Sprint2.Task0.V11.csproj", "{DE9BA517-F816-4201-BBF1-37CB98F3C61A}"
EndProject
Project("{FAE04EC0-301F-11D3-BF4B-00C04F79EFBC}") = "Tyuiu.FilimonchukED.Sprint2.Task0.V11.Test", "Tyuiu.FilimonchukED.Sprint2.Task0.V11.Test\Tyuiu.FilimonchukED.Sprint2.Task0.V11.Test.csproj", "{119CA65C-7B05-4B90-B6B4-526CB6B9AE48}"
EndProject
Project("{FAE04EC0-301F-11D3-BF4B-00C04F79EFBC}") = "Tyuiu.FilimonchukED.Sprint2.Task0.V11.Lib", "Tyuiu.FilimonchukED.Sprint2.Task0.V11.Lib\Tyuiu.FilimonchukED.Sprint2.Task0.V11.Lib.csproj", "{E629ED50-381F-4BAF-9A0F-6940E4EF89F8}"
EndProject
Project("{2150E333-8FDC-42A3-9474-1A3956D46DE8}") = "Task1", "Task1", "{4D11C28D-DD77-48C0-B441-31CFC65291D5}"
EndProject
Project("{FAE04EC0-301F-11D3-BF4B-00C04F79EFBC}") = "Tyuiu.FilimonchukED.Sprint2.Task1.V9", "Tyuiu.FilimonchukED.Sprint2.Task1.V9\Tyuiu.FilimonchukED.Sprint2.Task1.V9.csproj", "{DDB444CB-B36A-4240-88F0-38E954A21BD2}"
EndProject
Project("{FAE04EC0-301F-11D3-BF4B-00C04F79EFBC}") = "Tyuiu.FilimonchukED.Sprint2.Task1.V9.Lib", "Tyuiu.FilimonchukED.Sprint2.Task1.V9.Lib\Tyuiu.FilimonchukED.Sprint2.Task1.V9.Lib.csproj", "{8832AC28-B951-45FB-8E51-EC1471DD3F60}"
EndProject
Project("{FAE04EC0-301F-11D3-BF4B-00C04F79EFBC}") = "Tyuiu.FilimonchukED.Sprint2.Task1.V9.Test", "Tyuiu.FilimonchukED.Sprint2.Task1.V9.Test\Tyuiu.FilimonchukED.Sprint2.Task1.V9.Test.csproj", "{D021EB78-9A32-4F0F-886F-CB3163FF0061}"
EndProject
Project("{2150E333-8FDC-42A3-9474-1A3956D46DE8}") = "Task2", "Task2", "{631D13D1-1F83-49F5-92DD-D5877626761F}"
EndProject
Project("{FAE04EC0-301F-11D3-BF4B-00C04F79EFBC}") = "Tyuiu.FilimonchukED.Sprint2.Task2.V27", "Tyuiu.FilimonchukED.Sprint2.Task2.V27\Tyuiu.FilimonchukED.Sprint2.Task2.V27.csproj", "{4AECCBE4-B0F0-484B-ADD6-10D6BFE365CA}"
EndProject
Project("{FAE04EC0-301F-11D3-BF4B-00C04F79EFBC}") = "Tyuiu.FilimonchukED.Sprint2.Task2.V27.Test", "Tyuiu.FilimonchukED.Sprint2.Task2.V27.Test\Tyuiu.FilimonchukED.Sprint2.Task2.V27.Test.csproj", "{9FEDB08C-FBBA-4E4F-8948-4F33EC69AD7D}"
EndProject
Project("{FAE04EC0-301F-11D3-BF4B-00C04F79EFBC}") = "Tyuiu.FilimonchukED.Sprint2.Task2.V27.Lib", "Tyuiu.FilimonchukED.Sprint2.Task2.V27.Lib\Tyuiu.FilimonchukED.Sprint2.Task2.V27.Lib.csproj", "{E2AC9CAA-EC55-41C4-9376-7AAF705B98A3}"
EndProject
Project("{2150E333-8FDC-42A3-9474-1A3956D46DE8}") = "Task3", "Task3", "{D49EBE1D-2F39-47DE-81BB-AFB3E9389772}"
EndProject
Project("{FAE04EC0-301F-11D3-BF4B-00C04F79EFBC}") = "Tyuiu.FilimonchukED.Sprint2.Task3.V3", "Tyuiu.FilimonchukED.Sprint2.Task3.V3\Tyuiu.FilimonchukED.Sprint2.Task3.V3.csproj", "{09A2C7A4-EA1D-4886-A4F6-7C88672E7F07}"
EndProject
Project("{FAE04EC0-301F-11D3-BF4B-00C04F79EFBC}") = "Tyuiu.FilimonchukED.Sprint2.Task3.V3.Lib", "Tyuiu.FilimonchukED.Sprint2.Task3.V3.Lib\Tyuiu.FilimonchukED.Sprint2.Task3.V3.Lib.csproj", "{69EB5595-0259-473F-9914-35D8AC922AE7}"
EndProject
Project("{FAE04EC0-301F-11D3-BF4B-00C04F79EFBC}") = "Tyuiu.FilimonchukED.Sprint2.Task3.V3.Test", "Tyuiu.FilimonchukED.Sprint2.Task3.V3.Test\Tyuiu.FilimonchukED.Sprint2.Task3.V3.Test.csproj", "{F509F6B4-1081-4446-B499-7E90AA48B7F5}"
EndProject
Project("{2150E333-8FDC-42A3-9474-1A3956D46DE8}") = "Task4", "Task4", "{E2AA6A4D-E0A1-4C8C-AC2D-6BA5331A45DD}"
EndProject
Project("{FAE04EC0-301F-11D3-BF4B-00C04F79EFBC}") = "Tyuiu.FilimonchukED.Sprint2.Task4.V27", "Tyuiu.FilimonchukED.Sprint2.Task4.V27\Tyuiu.FilimonchukED.Sprint2.Task4.V27.csproj", "{45D066FC-9739-4A26-BFE7-D42E0891BCD1}"
EndProject
Project("{FAE04EC0-301F-11D3-BF4B-00C04F79EFBC}") = "Tyuiu.FilimonchukED.Sprint2.Task4.V27.Lib", "Tyuiu.FilimonchukED.Sprint2.Task4.V27.Lib\Tyuiu.FilimonchukED.Sprint2.Task4.V27.Lib.csproj", "{8FF83E43-0BAE-463F-B7ED-1044829F04A9}"
EndProject
Project("{FAE04EC0-301F-11D3-BF4B-00C04F79EFBC}") = "Tyuiu.FilimonchukED.Sprint2.Task4.V27.Test", "Tyuiu.FilimonchukED.Sprint2.Task4.V27.Test\Tyuiu.FilimonchukED.Sprint2.Task4.V27.Test.csproj", "{42E72EEC-E2E4-4E41-9169-E12D75439A8A}"
EndProject
Global
	GlobalSection(SolutionConfigurationPlatforms) = preSolution
		Debug|Any CPU = Debug|Any CPU
		Release|Any CPU = Release|Any CPU
	EndGlobalSection
	GlobalSection(ProjectConfigurationPlatforms) = postSolution
		{DE9BA517-F816-4201-BBF1-37CB98F3C61A}.Debug|Any CPU.ActiveCfg = Debug|Any CPU
		{DE9BA517-F816-4201-BBF1-37CB98F3C61A}.Debug|Any CPU.Build.0 = Debug|Any CPU
		{DE9BA517-F816-4201-BBF1-37CB98F3C61A}.Release|Any CPU.ActiveCfg = Release|Any CPU
		{DE9BA517-F816-4201-BBF1-37CB98F3C61A}.Release|Any CPU.Build.0 = Release|Any CPU
		{119CA65C-7B05-4B90-B6B4-526CB6B9AE48}.Debug|Any CPU.ActiveCfg = Debug|Any CPU
		{119CA65C-7B05-4B90-B6B4-526CB6B9AE48}.Debug|Any CPU.Build.0 = Debug|Any CPU
		{119CA65C-7B05-4B90-B6B4-526CB6B9AE48}.Release|Any CPU.ActiveCfg = Release|Any CPU
		{119CA65C-7B05-4B90-B6B4-526CB6B9AE48}.Release|Any CPU.Build.0 = Release|Any CPU
		{E629ED50-381F-4BAF-9A0F-6940E4EF89F8}.Debug|Any CPU.ActiveCfg = Debug|Any CPU
		{E629ED50-381F-4BAF-9A0F-6940E4EF89F8}.Debug|Any CPU.Build.0 = Debug|Any CPU
		{E629ED50-381F-4BAF-9A0F-6940E4EF89F8}.Release|Any CPU.ActiveCfg = Release|Any CPU
		{E629ED50-381F-4BAF-9A0F-6940E4EF89F8}.Release|Any CPU.Build.0 = Release|Any CPU
		{DDB444CB-B36A-4240-88F0-38E954A21BD2}.Debug|Any CPU.ActiveCfg = Debug|Any CPU
		{DDB444CB-B36A-4240-88F0-38E954A21BD2}.Debug|Any CPU.Build.0 = Debug|Any CPU
		{DDB444CB-B36A-4240-88F0-38E954A21BD2}.Release|Any CPU.ActiveCfg = Release|Any CPU
		{DDB444CB-B36A-4240-88F0-38E954A21BD2}.Release|Any CPU.Build.0 = Release|Any CPU
		{8832AC28-B951-45FB-8E51-EC1471DD3F60}.Debug|Any CPU.ActiveCfg = Debug|Any CPU
		{8832AC28-B951-45FB-8E51-EC1471DD3F60}.Debug|Any CPU.Build.0 = Debug|Any CPU
		{8832AC28-B951-45FB-8E51-EC1471DD3F60}.Release|Any CPU.ActiveCfg = Release|Any CPU
		{8832AC28-B951-45FB-8E51-EC1471DD3F60}.Release|Any CPU.Build.0 = Release|Any CPU
		{D021EB78-9A32-4F0F-886F-CB3163FF0061}.Debug|Any CPU.ActiveCfg = Debug|Any CPU
		{D021EB78-9A32-4F0F-886F-CB3163FF0061}.Debug|Any CPU.Build.0 = Debug|Any CPU
		{D021EB78-9A32-4F0F-886F-CB3163FF0061}.Release|Any CPU.ActiveCfg = Release|Any CPU
		{D021EB78-9A32-4F0F-886F-CB3163FF0061}.Release|Any CPU.Build.0 = Release|Any CPU
		{4AECCBE4-B0F0-484B-ADD6-10D6BFE365CA}.Debug|Any CPU.ActiveCfg = Debug|Any CPU
		{4AECCBE4-B0F0-484B-ADD6-10D6BFE365CA}.Debug|Any CPU.Build.0 = Debug|Any CPU
		{4AECCBE4-B0F0-484B-ADD6-10D6BFE365CA}.Release|Any CPU.ActiveCfg = Release|Any CPU
		{4AECCBE4-B0F0-484B-ADD6-10D6BFE365CA}.Release|Any CPU.Build.0 = Release|Any CPU
		{9FEDB08C-FBBA-4E4F-8948-4F33EC69AD7D}.Debug|Any CPU.ActiveCfg = Debug|Any CPU
		{9FEDB08C-FBBA-4E4F-8948-4F33EC69AD7D}.Debug|Any CPU.Build.0 = Debug|Any CPU
		{9FEDB08C-FBBA-4E4F-8948-4F33EC69AD7D}.Release|Any CPU.ActiveCfg = Release|Any CPU
		{9FEDB08C-FBBA-4E4F-8948-4F33EC69AD7D}.Release|Any CPU.Build.0 = Release|Any CPU
		{E2AC9CAA-EC55-41C4-9376-7AAF705B98A3}.Debug|Any CPU.ActiveCfg = Debug|Any CPU
		{E2AC9CAA-EC55-41C4-9376-7AAF705B98A3}.Debug|Any CPU.Build.0 = Debug|Any CPU
		{E2AC9CAA-EC55-41C4-9376-7AAF705B98A3}.Release|Any CPU.ActiveCfg = Release|Any CPU
		{E2AC9CAA-EC55-41C4-9376-7AAF705B98A3}.Release|Any CPU.Build.0 = Release|Any CPU
		{09A2C7A4-EA1D-4886-A4F6-7C88672E7F07}.Debug|Any CPU.ActiveCfg = Debug|Any CPU
		{09A2C7A4-EA1D-4886-A4F6-7C88672E7F07}.Debug|Any CPU.Build.0 = Debug|Any CPU
		{09A2C7A4-EA1D-4886-A4F6-7C88672E7F07}.Release|Any CPU.ActiveCfg = Release|Any CPU
		{09A2C7A4-EA1D-4886-A4F6-7C88672E7F07}.Release|Any CPU.Build.0 = Release|Any CPU
		{69EB5595-0259-473F-9914-35D8AC922AE7}.Debug|Any CPU.ActiveCfg = Debug|Any CPU
		{69EB5595-0259-473F-9914-35D8AC922AE7}.Debug|Any CPU.Build.0 = Debug|Any CPU
		{69EB5595-0259-473F-9914-35D8AC922AE7}.Release|Any CPU.ActiveCfg = Release|Any CPU
		{69EB5595-0259-473F-9914-35D8AC922AE7}.Release|Any CPU.Build.0 = Release|Any CPU
		{F509F6B4-1081-4446-B499-7E90AA48B7F5}.Debug|Any CPU.ActiveCfg = Debug|Any CPU
		{F509F6B4-1081-4446-B499-7E90AA48B7F5}.Debug|Any CPU.Build.0 = Debug|Any CPU
		{F509F6B4-1081-4446-B499-7E90AA48B7F5}.Release|Any CPU.ActiveCfg = Release|Any CPU
		{F509F6B4-1081-4446-B499-7E90AA48B7F5}.Release|Any CPU.Build.0 = Release|Any CPU
		{45D066FC-9739-4A26-BFE7-D42E0891BCD1}.Debug|Any CPU.ActiveCfg = Debug|Any CPU
		{45D066FC-9739-4A26-BFE7-D42E0891BCD1}.Debug|Any CPU.Build.0 = Debug|Any CPU
		{45D066FC-9739-4A26-BFE7-D42E0891BCD1}.Release|Any CPU.ActiveCfg = Release|Any CPU
		{45D066FC-9739-4A26-BFE7-D42E0891BCD1}.Release|Any CPU.Build.0 = Release|Any CPU
		{8FF83E43-0BAE-463F-B7ED-1044829F04A9}.Debug|Any CPU.ActiveCfg = Debug|Any CPU
		{8FF83E43-0BAE-463F-B7ED-1044829F04A9}.Debug|Any CPU.Build.0 = Debug|Any CPU
		{8FF83E43-0BAE-463F-B7ED-1044829F04A9}.Release|Any CPU.ActiveCfg = Release|Any CPU
		{8FF83E43-0BAE-463F-B7ED-1044829F04A9}.Release|Any CPU.Build.0 = Release|Any CPU
		{42E72EEC-E2E4-4E41-9169-E12D75439A8A}.Debug|Any CPU.ActiveCfg = Debug|Any CPU
		{42E72EEC-E2E4-4E41-9169-E12D75439A8A}.Debug|Any CPU.Build.0 = Debug|Any CPU
		{42E72EEC-E2E4-4E41-9169-E12D75439A8A}.Release|Any CPU.ActiveCfg = Release|Any CPU
		{42E72EEC-E2E4-4E41-9169-E12D75439A8A}.Release|Any CPU.Build.0 = Release|Any CPU
	EndGlobalSection
	GlobalSection(SolutionProperties) = preSolution
		HideSolutionNode = FALSE
	EndGlobalSection
	GlobalSection(NestedProjects) = preSolution
		{DE9BA517-F816-4201-BBF1-37CB98F3C61A} = {D001A246-3EEC-4C90-9FCC-AA7F66738E7C}
		{119CA65C-7B05-4B90-B6B4-526CB6B9AE48} = {D001A246-3EEC-4C90-9FCC-AA7F66738E7C}
		{E629ED50-381F-4BAF-9A0F-6940E4EF89F8} = {D001A246-3EEC-4C90-9FCC-AA7F66738E7C}
		{DDB444CB-B36A-4240-88F0-38E954A21BD2} = {4D11C28D-DD77-48C0-B441-31CFC65291D5}
		{8832AC28-B951-45FB-8E51-EC1471DD3F60} = {4D11C28D-DD77-48C0-B441-31CFC65291D5}
		{D021EB78-9A32-4F0F-886F-CB3163FF0061} = {4D11C28D-DD77-48C0-B441-31CFC65291D5}
		{4AECCBE4-B0F0-484B-ADD6-10D6BFE365CA} = {631D13D1-1F83-49F5-92DD-D5877626761F}
		{9FEDB08C-FBBA-4E4F-8948-4F33EC69AD7D} = {631D13D1-1F83-49F5-92DD-D5877626761F}
		{E2AC9CAA-EC55-41C4-9376-7AAF705B98A3} = {631D13D1-1F83-49F5-92DD-D5877626761F}
		{09A2C7A4-EA1D-4886-A4F6-7C88672E7F07} = {D49EBE1D-2F39-47DE-81BB-AFB3E9389772}
		{69EB5595-0259-473F-9914-35D8AC922AE7} = {D49EBE1D-2F39-47DE-81BB-AFB3E9389772}
		{F509F6B4-1081-4446-B499-7E90AA48B7F5} = {D49EBE1D-2F39-47DE-81BB-AFB3E9389772}
		{45D066FC-9739-4A26-BFE7-D42E0891BCD1} = {E2AA6A4D-E0A1-4C8C-AC2D-6BA5331A45DD}
		{8FF83E43-0BAE-463F-B7ED-1044829F04A9} = {E2AA6A4D-E0A1-4C8C-AC2D-6BA5331A45DD}
		{42E72EEC-E2E4-4E41-9169-E12D75439A8A} = {E2AA6A4D-E0A1-4C8C-AC2D-6BA5331A45DD}
	EndGlobalSection
EndGlobal
